# THIS IS AN AUTOGENERATED FILE. DO NOT EDIT THIS FILE DIRECTLY.
# yarn lockfile v1


afinn-165@^1.0.2:
  version "1.0.2"
  resolved "https://registry.yarnpkg.com/afinn-165/-/afinn-165-1.0.2.tgz#11ba700eae4af3e97e72dcf9c7f1249e4bff1db7"
  integrity sha512-oVbXkteWA6XgYndv3dXYVvulStflVYQtR2K+zp2PyaVhPkkOhZ8tAvk9V7cwaI43GwZaNqRoC2VTpoaWmFyBTA==

apparatus@^0.0.10:
  version "0.0.10"
  resolved "https://registry.yarnpkg.com/apparatus/-/apparatus-0.0.10.tgz#81ea756772ada77863db54ceee8202c109bdca3e"
  integrity sha512-KLy/ugo33KZA7nugtQ7O0E1c8kQ52N3IvD/XgIh4w/Nr28ypfkwDfA67F1ev4N1m5D+BOk1+b2dEJDfpj/VvZg==
  dependencies:
    sylvester ">= 0.0.8"

json-stable-stringify@^1.0.1:
  version "1.0.1"
  resolved "https://registry.yarnpkg.com/json-stable-stringify/-/json-stable-stringify-1.0.1.tgz#9a759d39c5f2ff503fd5300646ed445f88c4f9af"
  integrity sha1-mnWdOcXy/1A/1TAGRu1EX4jE+a8=
  dependencies:
    jsonify "~0.0.0"

jsonify@~0.0.0:
  version "0.0.0"
  resolved "https://registry.yarnpkg.com/jsonify/-/jsonify-0.0.0.tgz#2c74b6ee41d93ca51b7b5aaee8f503631d252a73"
  integrity sha1-LHS27kHZPKUbe1qu6PUDYx0lKnM=

natural@^0.6.2:
  version "0.6.2"
  resolved "https://registry.yarnpkg.com/natural/-/natural-0.6.2.tgz#4f372d0d18d9a833986637f06c603247b36fb2e3"
  integrity sha512-Wk1tgjBg2v1zEiO5Le+7Ph0iYms2E9qQOH6/U2A7UBtswPzzcWe/92xzbKoXVgTB0CH/USChwOdOiMJ4BHBgTw==
  dependencies:
    afinn-165 "^1.0.2"
    apparatus "^0.0.10"
    json-stable-stringify "^1.0.1"
    sylvester "^0.0.12"
    underscore "^1.3.1"

nblas@^1.2.0:
  version "1.2.2"
  resolved "https://registry.yarnpkg.com/nblas/-/nblas-1.2.2.tgz#cc750ca672920de59c2074abd4063beee6b83384"
  integrity sha1-zHUMpnKSDeWcIHSr1AY77ua4M4Q=

opencollective-postinstall@^2.0.0:
  version "2.0.1"
  resolved "https://registry.yarnpkg.com/opencollective-postinstall/-/opencollective-postinstall-2.0.1.tgz#798e83e168f7b91949061c2683f762af747f17cc"
  integrity sha512-saQQ9hjLwu/oS0492eyYotoh+bra1819cfAT5rjY/e4REWwuc8IgZ844Oo44SiftWcJuBiqp0SA0BFVbmLX0IQ==

stopword@^0.1.13:
  version "0.1.13"
  resolved "https://registry.yarnpkg.com/stopword/-/stopword-0.1.13.tgz#92b26491c443b1a8d9709142ad64ae1af10cea55"
  integrity sha512-WteqDiQpRyn2yBAm1pwbkXn+SMa8L+WDesd33ovgs0JoheFcrrazMSet4P9LoTRteuUoqVxtEIwEKVZ/z/WHKg==

"sylvester@>= 0.0.8":
  version "0.0.21"
  resolved "https://registry.yarnpkg.com/sylvester/-/sylvester-0.0.21.tgz#2987b1ce2bd2f38b0dce2a34388884bfa4400ea7"
  integrity sha1-KYexzivS84sNzio0OIiEv6RADqc=

sylvester@^0.0.12:
  version "0.0.12"
  resolved "https://registry.yarnpkg.com/sylvester/-/sylvester-0.0.12.tgz#5a884415cd2d002c57e7a3aac99462a75ce9fdb4"
  integrity sha1-WohEFc0tACxX56OqyZRip1zp/bQ=

underscore@^1.3.1:
  version "1.9.1"
  resolved "https://registry.yarnpkg.com/underscore/-/underscore-1.9.1.tgz#06dce34a0e68a7babc29b365b8e74b8925203961"
  integrity sha512-5/4etnCkd9c8gwgowi5/om/mYO5ajCaOgdzj/oW+0eQV9WxKBDZw5+ycmKmeaTXjInS/W0BzpGLo2xR2aBwZdg==

vectorious@^4.8.5:
  version "4.8.5"
  resolved "https://registry.yarnpkg.com/vectorious/-/vectorious-4.8.5.tgz#9ac44e2af383f9587eeba48d42eac6664b7c20b7"
  integrity sha512-NEqWTxKOPLGLb+SNc3R2AlPuz7+MySCvhpf5ejgXVr3sP1wQwtLbh/3L9ESMBSmqlZTI/MiBjrV1P5X//REVoA==
  dependencies:
    opencollective-postinstall "^2.0.0"
  optionalDependencies:
    nblas "^1.2.0"
